
Microsoft Visual Studio Solution File, Format Version 12.00
# Visual Studio 2013
VisualStudioVersion = 12.0.21005.1
MinimumVisualStudioVersion = 10.0.40219.1
Project("{FAE04EC0-301F-11D3-BF4B-00C04F79EFBC}") = "Ruben.Books.Domain", "Ruben.Books.Domain\Ruben.Books.Domain.csproj", "{9A12814B-C57B-406F-A06D-2D912D9E2431}"
EndProject
Project("{FAE04EC0-301F-11D3-BF4B-00C04F79EFBC}") = "Ruben.Books.DataLayer", "Ruben.Books.DataLayer\Ruben.Books.DataLayer.csproj", "{CE5EFC6C-22ED-447E-A38C-7C150E87E624}"
EndProject
Project("{FAE04EC0-301F-11D3-BF4B-00C04F79EFBC}") = "Ruben.Books.CommandLine", "Ruben.Books.Console\Ruben.Books.CommandLine.csproj", "{287DDEE3-973B-4733-B2E2-57DDBED84F1D}"
EndProject
Project("{FAE04EC0-301F-11D3-BF4B-00C04F79EFBC}") = "Ruben.Books.Repository", "Ruben.Books.Repository\Ruben.Books.Repository.csproj", "{503C91EB-8847-4B00-BEE4-8E41B54C373A}"
EndProject
Global
	GlobalSection(SolutionConfigurationPlatforms) = preSolution
		Debug|Any CPU = Debug|Any CPU
		Release|Any CPU = Release|Any CPU
	EndGlobalSection
	GlobalSection(ProjectConfigurationPlatforms) = postSolution
		{9A12814B-C57B-406F-A06D-2D912D9E2431}.Debug|Any CPU.ActiveCfg = Debug|Any CPU
		{9A12814B-C57B-406F-A06D-2D912D9E2431}.Debug|Any CPU.Build.0 = Debug|Any CPU
		{9A12814B-C57B-406F-A06D-2D912D9E2431}.Release|Any CPU.ActiveCfg = Release|Any CPU
		{9A12814B-C57B-406F-A06D-2D912D9E2431}.Release|Any CPU.Build.0 = Release|Any CPU
		{CE5EFC6C-22ED-447E-A38C-7C150E87E624}.Debug|Any CPU.ActiveCfg = Debug|Any CPU
		{CE5EFC6C-22ED-447E-A38C-7C150E87E624}.Debug|Any CPU.Build.0 = Debug|Any CPU
		{CE5EFC6C-22ED-447E-A38C-7C150E87E624}.Release|Any CPU.ActiveCfg = Release|Any CPU
		{CE5EFC6C-22ED-447E-A38C-7C150E87E624}.Release|Any CPU.Build.0 = Release|Any CPU
		{287DDEE3-973B-4733-B2E2-57DDBED84F1D}.Debug|Any CPU.ActiveCfg = Debug|Any CPU
		{287DDEE3-973B-4733-B2E2-57DDBED84F1D}.Debug|Any CPU.Build.0 = Debug|Any CPU
		{287DDEE3-973B-4733-B2E2-57DDBED84F1D}.Release|Any CPU.ActiveCfg = Release|Any CPU
		{287DDEE3-973B-4733-B2E2-57DDBED84F1D}.Release|Any CPU.Build.0 = Release|Any CPU
		{503C91EB-8847-4B00-BEE4-8E41B54C373A}.Debug|Any CPU.ActiveCfg = Debug|Any CPU
		{503C91EB-8847-4B00-BEE4-8E41B54C373A}.Debug|Any CPU.Build.0 = Debug|Any CPU
		{503C91EB-8847-4B00-BEE4-8E41B54C373A}.Release|Any CPU.ActiveCfg = Release|Any CPU
		{503C91EB-8847-4B00-BEE4-8E41B54C373A}.Release|Any CPU.Build.0 = Release|Any CPU
	EndGlobalSection
	GlobalSection(SolutionProperties) = preSolution
		HideSolutionNode = FALSE
	EndGlobalSection
EndGlobal
